{
  "version": 4,
  "terraform_version": "1.8.4",
  "serial": 3,
  "lineage": "d7514efd-d89c-2606-fafd-5eeceff58108",
  "outputs": {},
  "resources": [
    {
      "mode": "managed",
      "type": "github_repository",
      "name": "example",
      "provider": "provider[\"registry.terraform.io/integrations/github\"]",
      "instances": [
        {
          "schema_version": 1,
          "attributes": {
            "allow_auto_merge": false,
            "allow_merge_commit": true,
            "allow_rebase_merge": true,
            "allow_squash_merge": true,
            "allow_update_branch": false,
            "archive_on_destroy": null,
            "archived": false,
            "auto_init": null,
            "default_branch": "main",
            "delete_branch_on_merge": false,
            "description": "Mon gros repo",
            "etag": "W/\"7630077def823ebdb6ea5469e036f5c2350a468bf46e0f3b1e1153f136fcf1cd\"",
            "full_name": "6nsfour/myRepo",
            "git_clone_url": "git://github.com/6nsfour/myRepo.git",
            "gitignore_template": null,
            "has_discussions": false,
            "has_downloads": false,
            "has_issues": false,
            "has_projects": false,
            "has_wiki": false,
            "homepage_url": "",
            "html_url": "https://github.com/6nsfour/myRepo",
            "http_clone_url": "https://github.com/6nsfour/myRepo.git",
            "id": "myRepo",
            "ignore_vulnerability_alerts_during_read": null,
            "is_template": false,
            "license_template": null,
            "merge_commit_message": "PR_TITLE",
            "merge_commit_title": "MERGE_MESSAGE",
            "name": "myRepo",
            "node_id": "R_kgDOMCGIqg",
            "pages": [],
            "primary_language": "",
            "private": false,
            "repo_id": 807504042,
            "security_and_analysis": [
              {
                "advanced_security": [],
                "secret_scanning": [
                  {
                    "status": "enabled"
                  }
                ],
                "secret_scanning_push_protection": [
                  {
                    "status": "enabled"
                  }
                ]
              }
            ],
            "squash_merge_commit_message": "COMMIT_MESSAGES",
            "squash_merge_commit_title": "COMMIT_OR_PR_TITLE",
            "ssh_clone_url": "git@github.com:6nsfour/myRepo.git",
            "svn_url": "https://github.com/6nsfour/myRepo",
            "template": [],
            "topics": [],
            "visibility": "public",
            "vulnerability_alerts": false,
            "web_commit_signoff_required": false
          },
          "sensitive_attributes": [],
          "private": "eyJzY2hlbWFfdmVyc2lvbiI6IjEifQ=="
        }
      ]
    }
  ],
  "check_results": null
}
